
Microsoft Visual Studio Solution File, Format Version 12.00
# Visual Studio Version 17
VisualStudioVersion = 17.2.32602.215
MinimumVisualStudioVersion = 10.0.40219.1
Project("{FAE04EC0-301F-11D3-BF4B-00C04F79EFBC}") = "secondLAB assignment", "secondLAB assignment\secondLAB assignment.csproj", "{D0975D00-333F-4897-B311-4B0D3D0D20DF}"
EndProject
Global
	GlobalSection(SolutionConfigurationPlatforms) = preSolution
		Debug|Any CPU = Debug|Any CPU
		Release|Any CPU = Release|Any CPU
	EndGlobalSection
	GlobalSection(ProjectConfigurationPlatforms) = postSolution
		{D0975D00-333F-4897-B311-4B0D3D0D20DF}.Debug|Any CPU.ActiveCfg = Debug|Any CPU
		{D0975D00-333F-4897-B311-4B0D3D0D20DF}.Debug|Any CPU.Build.0 = Debug|Any CPU
		{D0975D00-333F-4897-B311-4B0D3D0D20DF}.Release|Any CPU.ActiveCfg = Release|Any CPU
		{D0975D00-333F-4897-B311-4B0D3D0D20DF}.Release|Any CPU.Build.0 = Release|Any CPU
	EndGlobalSection
	GlobalSection(SolutionProperties) = preSolution
		HideSolutionNode = FALSE
	EndGlobalSection
	GlobalSection(ExtensibilityGlobals) = postSolution
		SolutionGuid = {31A8EC46-C412-49F2-9DDF-87D8D1FB6476}
	EndGlobalSection
EndGlobal
